github.com/go-sql-driver/mysql v1.5.0 h1:ozyZYNQW3x3HtqT1jira07DN2PArx2v7/mN66gGcHOs=
github.com/go-sql-driver/mysql v1.5.0/go.mod h1:DCzpHaOWr8IXmIStZouvnhqoel9Qv2LBy8hT2VhHyBg=
github.com/google/go-cmp v0.3.1/go.mod h1:8QqcDgzrUqlUb/G2PQTWiueGozuR1884gddMywk6iLU=
github.com/huydang284/fixedwidth v1.0.1 h1:ChmpX/mkTNFzJm4g6HgQu+jQoYcDtY3HmPrhiQ0kG6o=
github.com/huydang284/fixedwidth v1.0.1/go.mod h1:5d0WLbEEsuPkHVpqQ7T5to1xiwTg9WlK0QM0iG4URfw=
github.com/ianlopshire/go-fixedwidth v0.7.0 h1:kj+Csi79dr2O0H+sAlEDSOJs8eiuKp77Pzj4eQDZRLI=
github.com/ianlopshire/go-fixedwidth v0.7.0/go.mod h1:dQ0iYOVDduEI/xpIZ09X07sGmwTRFruVrHZcbfuNFcI=
github.com/o1egl/fwencoder v0.0.1 h1:7svjcLuY6edpW4vYScsRHZggf9nC9+T5ec4e6/JUlng=
github.com/o1egl/fwencoder v0.0.1/go.mod h1:NBVQ9csYnFZaTZPrXYemLXKDqjd/n6UuqSpOhivnVp0=
github.com/pkg/errors v0.8.1 h1:iURUrRGxPUNPdy5/HRSm+Yj6okJ6UtLINN0Q9M4+h3I=
github.com/pkg/errors v0.8.1/go.mod h1:bwawxfHBFNV+L2hUp1rHADufV3IMtnDRdf1r5NINEl0=
